
Microsoft Visual Studio Solution File, Format Version 12.00
# Visual Studio Version 16
VisualStudioVersion = 16.0.31025.194
MinimumVisualStudioVersion = 10.0.40219.1
Project("{FAE04EC0-301F-11D3-BF4B-00C04F79EFBC}") = "TodoConsoleApp", "TodoConsoleApp\TodoConsoleApp.csproj", "{98229C88-9A6E-4897-8C88-3445C2A0485D}"
EndProject
Global
	GlobalSection(SolutionConfigurationPlatforms) = preSolution
		Debug|Any CPU = Debug|Any CPU
		Release|Any CPU = Release|Any CPU
	EndGlobalSection
	GlobalSection(ProjectConfigurationPlatforms) = postSolution
		{98229C88-9A6E-4897-8C88-3445C2A0485D}.Debug|Any CPU.ActiveCfg = Debug|Any CPU
		{98229C88-9A6E-4897-8C88-3445C2A0485D}.Debug|Any CPU.Build.0 = Debug|Any CPU
		{98229C88-9A6E-4897-8C88-3445C2A0485D}.Release|Any CPU.ActiveCfg = Release|Any CPU
		{98229C88-9A6E-4897-8C88-3445C2A0485D}.Release|Any CPU.Build.0 = Release|Any CPU
	EndGlobalSection
	GlobalSection(SolutionProperties) = preSolution
		HideSolutionNode = FALSE
	EndGlobalSection
	GlobalSection(ExtensibilityGlobals) = postSolution
		SolutionGuid = {7A2F3C52-3F2A-4E3F-89F1-68A7B1481C49}
	EndGlobalSection
EndGlobal
